
Microsoft Visual Studio Solution File, Format Version 12.00
# Visual Studio 15
VisualStudioVersion = 15.0.27428.2043
MinimumVisualStudioVersion = 10.0.40219.1
Project("{FAE04EC0-301F-11D3-BF4B-00C04F79EFBC}") = "MVCBartender", "MVCBartender\MVCBartender.csproj", "{96696C48-E08C-45C2-B4E4-47C8029AE7A8}"
EndProject
Global
	GlobalSection(SolutionConfigurationPlatforms) = preSolution
		Debug|Any CPU = Debug|Any CPU
		Release|Any CPU = Release|Any CPU
	EndGlobalSection
	GlobalSection(ProjectConfigurationPlatforms) = postSolution
		{96696C48-E08C-45C2-B4E4-47C8029AE7A8}.Debug|Any CPU.ActiveCfg = Debug|Any CPU
		{96696C48-E08C-45C2-B4E4-47C8029AE7A8}.Debug|Any CPU.Build.0 = Debug|Any CPU
		{96696C48-E08C-45C2-B4E4-47C8029AE7A8}.Release|Any CPU.ActiveCfg = Release|Any CPU
		{96696C48-E08C-45C2-B4E4-47C8029AE7A8}.Release|Any CPU.Build.0 = Release|Any CPU
	EndGlobalSection
	GlobalSection(SolutionProperties) = preSolution
		HideSolutionNode = FALSE
	EndGlobalSection
	GlobalSection(ExtensibilityGlobals) = postSolution
		SolutionGuid = {3033F298-5614-4BCA-84DD-6E3678602077}
	EndGlobalSection
EndGlobal
